
Microsoft Visual Studio Solution File, Format Version 12.00
# Visual Studio Version 17
VisualStudioVersion = 17.9.34902.65
MinimumVisualStudioVersion = 10.0.40219.1
Project("{9A19103F-16F7-4668-BE54-9A1E7A4F7556}") = "CSPlugin", "CSPlugin.csproj", "{E591B998-3BBC-479D-AFBD-78AD31A8EAD3}"
EndProject
Global
	GlobalSection(SolutionConfigurationPlatforms) = preSolution
		Debug|Any CPU = Debug|Any CPU
		Release|Any CPU = Release|Any CPU
	EndGlobalSection
	GlobalSection(ProjectConfigurationPlatforms) = postSolution
		{E591B998-3BBC-479D-AFBD-78AD31A8EAD3}.Debug|Any CPU.ActiveCfg = Debug|Any CPU
		{E591B998-3BBC-479D-AFBD-78AD31A8EAD3}.Debug|Any CPU.Build.0 = Debug|Any CPU
		{E591B998-3BBC-479D-AFBD-78AD31A8EAD3}.Release|Any CPU.ActiveCfg = Release|Any CPU
		{E591B998-3BBC-479D-AFBD-78AD31A8EAD3}.Release|Any CPU.Build.0 = Release|Any CPU
	EndGlobalSection
	GlobalSection(SolutionProperties) = preSolution
		HideSolutionNode = FALSE
	EndGlobalSection
	GlobalSection(ExtensibilityGlobals) = postSolution
		SolutionGuid = {178644C4-6F0F-416B-A192-190AA042EED9}
	EndGlobalSection
EndGlobal
